// !$*UTF8*$!
{
	archiveVersion = 1;
	classes = {
	};
	objectVersion = 48;
	objects = {

/* Begin PBXBuildFile section */
		D807241D1F9825F500CE6476 /* ExampleFormTableViewController.swift in Sources */ = {isa = PBXBuildFile; fileRef = D807241C1F9825F500CE6476 /* ExampleFormTableViewController.swift */; };
		D82C95791FB968A500F0C3D5 /* FormPickerTableViewCell.swift in Sources */ = {isa = PBXBuildFile; fileRef = D82C95781FB968A500F0C3D5 /* FormPickerTableViewCell.swift */; };
		D852E1AA1FC33199008146F8 /* FormTextAreaTableViewCell.swift in Sources */ = {isa = PBXBuildFile; fileRef = D852E1A91FC33199008146F8 /* FormTextAreaTableViewCell.swift */; };
		D87C38F71F9804EC00CEDD27 /* AppDelegate.swift in Sources */ = {isa = PBXBuildFile; fileRef = D87C38F61F9804EC00CEDD27 /* AppDelegate.swift */; };
		D87C38FE1F9804EC00CEDD27 /* Assets.xcassets in Resources */ = {isa = PBXBuildFile; fileRef = D87C38FD1F9804EC00CEDD27 /* Assets.xcassets */; };
		D87C39011F9804EC00CEDD27 /* LaunchScreen.storyboard in Resources */ = {isa = PBXBuildFile; fileRef = D87C38FF1F9804EC00CEDD27 /* LaunchScreen.storyboard */; };
		D8B318D01FBBC17B00A7E837 /* FormValidationType.swift in Sources */ = {isa = PBXBuildFile; fileRef = D8B318CF1FBBC17B00A7E837 /* FormValidationType.swift */; };
		D8DD1DF31F9805F800C05061 /* KeyboardAppearanceDelegate.swift in Sources */ = {isa = PBXBuildFile; fileRef = D8DD1DF21F9805F800C05061 /* KeyboardAppearanceDelegate.swift */; };
		D8DD1DFB1F98061000C05061 /* FormFieldType.swift in Sources */ = {isa = PBXBuildFile; fileRef = D8DD1DF41F98060F00C05061 /* FormFieldType.swift */; };
		D8DD1DFC1F98061000C05061 /* FormTextTableViewCell.swift in Sources */ = {isa = PBXBuildFile; fileRef = D8DD1DF51F98060F00C05061 /* FormTextTableViewCell.swift */; };
		D8DD1DFD1F98061000C05061 /* FormTableViewController.swift in Sources */ = {isa = PBXBuildFile; fileRef = D8DD1DF61F98060F00C05061 /* FormTableViewController.swift */; };
		D8DD1DFE1F98061000C05061 /* Form.swift in Sources */ = {isa = PBXBuildFile; fileRef = D8DD1DF71F98061000C05061 /* Form.swift */; };
		D8DD1DFF1F98061000C05061 /* FormButtonTableViewCell.swift in Sources */ = {isa = PBXBuildFile; fileRef = D8DD1DF81F98061000C05061 /* FormButtonTableViewCell.swift */; };
		D8DD1E001F98061000C05061 /* FormFieldDescribable.swift in Sources */ = {isa = PBXBuildFile; fileRef = D8DD1DF91F98061000C05061 /* FormFieldDescribable.swift */; };
		D8DD1E011F98061000C05061 /* FormSection.swift in Sources */ = {isa = PBXBuildFile; fileRef = D8DD1DFA1F98061000C05061 /* FormSection.swift */; };
		F50715E47F59C9960DB2A3E6 /* Pods_FormKit.framework in Frameworks */ = {isa = PBXBuildFile; fileRef = DB1A9BA747CC7BD3AAF9923E /* Pods_FormKit.framework */; };
/* End PBXBuildFile section */

/* Begin PBXFileReference section */
		45C60DF016A4A54BFB2F7378 /* Pods-FormKit.release.xcconfig */ = {isa = PBXFileReference; includeInIndex = 1; lastKnownFileType = text.xcconfig; name = "Pods-FormKit.release.xcconfig"; path = "Pods/Target Support Files/Pods-FormKit/Pods-FormKit.release.xcconfig"; sourceTree = "<group>"; };
		BABACAEB1120C51B83561876 /* Pods-FormKit.debug.xcconfig */ = {isa = PBXFileReference; includeInIndex = 1; lastKnownFileType = text.xcconfig; name = "Pods-FormKit.debug.xcconfig"; path = "Pods/Target Support Files/Pods-FormKit/Pods-FormKit.debug.xcconfig"; sourceTree = "<group>"; };
		D807241C1F9825F500CE6476 /* ExampleFormTableViewController.swift */ = {isa = PBXFileReference; lastKnownFileType = sourcecode.swift; path = ExampleFormTableViewController.swift; sourceTree = "<group>"; };
		D82C95781FB968A500F0C3D5 /* FormPickerTableViewCell.swift */ = {isa = PBXFileReference; lastKnownFileType = sourcecode.swift; path = FormPickerTableViewCell.swift; sourceTree = "<group>"; };
		D852E1A91FC33199008146F8 /* FormTextAreaTableViewCell.swift */ = {isa = PBXFileReference; lastKnownFileType = sourcecode.swift; path = FormTextAreaTableViewCell.swift; sourceTree = "<group>"; };
		D87C38F31F9804EC00CEDD27 /* FormUIKit.app */ = {isa = PBXFileReference; explicitFileType = wrapper.application; includeInIndex = 0; path = FormUIKit.app; sourceTree = BUILT_PRODUCTS_DIR; };
		D87C38F61F9804EC00CEDD27 /* AppDelegate.swift */ = {isa = PBXFileReference; lastKnownFileType = sourcecode.swift; path = AppDelegate.swift; sourceTree = "<group>"; };
		D87C38FD1F9804EC00CEDD27 /* Assets.xcassets */ = {isa = PBXFileReference; lastKnownFileType = folder.assetcatalog; path = Assets.xcassets; sourceTree = "<group>"; };
		D87C39001F9804EC00CEDD27 /* Base */ = {isa = PBXFileReference; lastKnownFileType = file.storyboard; name = Base; path = Base.lproj/LaunchScreen.storyboard; sourceTree = "<group>"; };
		D87C39021F9804EC00CEDD27 /* Info.plist */ = {isa = PBXFileReference; lastKnownFileType = text.plist.xml; path = Info.plist; sourceTree = "<group>"; };
		D8B318CF1FBBC17B00A7E837 /* FormValidationType.swift */ = {isa = PBXFileReference; lastKnownFileType = sourcecode.swift; path = FormValidationType.swift; sourceTree = "<group>"; };
		D8DD1DF21F9805F800C05061 /* KeyboardAppearanceDelegate.swift */ = {isa = PBXFileReference; fileEncoding = 4; lastKnownFileType = sourcecode.swift; path = KeyboardAppearanceDelegate.swift; sourceTree = "<group>"; };
		D8DD1DF41F98060F00C05061 /* FormFieldType.swift */ = {isa = PBXFileReference; fileEncoding = 4; lastKnownFileType = sourcecode.swift; path = FormFieldType.swift; sourceTree = "<group>"; };
		D8DD1DF51F98060F00C05061 /* FormTextTableViewCell.swift */ = {isa = PBXFileReference; fileEncoding = 4; lastKnownFileType = sourcecode.swift; path = FormTextTableViewCell.swift; sourceTree = "<group>"; };
		D8DD1DF61F98060F00C05061 /* FormTableViewController.swift */ = {isa = PBXFileReference; fileEncoding = 4; lastKnownFileType = sourcecode.swift; path = FormTableViewController.swift; sourceTree = "<group>"; };
		D8DD1DF71F98061000C05061 /* Form.swift */ = {isa = PBXFileReference; fileEncoding = 4; lastKnownFileType = sourcecode.swift; path = Form.swift; sourceTree = "<group>"; };
		D8DD1DF81F98061000C05061 /* FormButtonTableViewCell.swift */ = {isa = PBXFileReference; fileEncoding = 4; lastKnownFileType = sourcecode.swift; path = FormButtonTableViewCell.swift; sourceTree = "<group>"; };
		D8DD1DF91F98061000C05061 /* FormFieldDescribable.swift */ = {isa = PBXFileReference; fileEncoding = 4; lastKnownFileType = sourcecode.swift; path = FormFieldDescribable.swift; sourceTree = "<group>"; };
		D8DD1DFA1F98061000C05061 /* FormSection.swift */ = {isa = PBXFileReference; fileEncoding = 4; lastKnownFileType = sourcecode.swift; path = FormSection.swift; sourceTree = "<group>"; };
		DB1A9BA747CC7BD3AAF9923E /* Pods_FormKit.framework */ = {isa = PBXFileReference; explicitFileType = wrapper.framework; includeInIndex = 0; path = Pods_FormKit.framework; sourceTree = BUILT_PRODUCTS_DIR; };
/* End PBXFileReference section */

/* Begin PBXFrameworksBuildPhase section */
		D87C38F01F9804EC00CEDD27 /* Frameworks */ = {
			isa = PBXFrameworksBuildPhase;
			buildActionMask = 2147483647;
			files = (
				F50715E47F59C9960DB2A3E6 /* Pods_FormKit.framework in Frameworks */,
			);
			runOnlyForDeploymentPostprocessing = 0;
		};
/* End PBXFrameworksBuildPhase section */

/* Begin PBXGroup section */
		2544854E4EC6BAC5EEEC067F /* Pods */ = {
			isa = PBXGroup;
			children = (
				BABACAEB1120C51B83561876 /* Pods-FormKit.debug.xcconfig */,
				45C60DF016A4A54BFB2F7378 /* Pods-FormKit.release.xcconfig */,
			);
			name = Pods;
			sourceTree = "<group>";
		};
		84BC417E615EDC50977FB28E /* Frameworks */ = {
			isa = PBXGroup;
			children = (
				DB1A9BA747CC7BD3AAF9923E /* Pods_FormKit.framework */,
			);
			name = Frameworks;
			sourceTree = "<group>";
		};
		D87C38EA1F9804EC00CEDD27 = {
			isa = PBXGroup;
			children = (
				D87C38F51F9804EC00CEDD27 /* FormUIKit */,
				D87C38F41F9804EC00CEDD27 /* Products */,
				2544854E4EC6BAC5EEEC067F /* Pods */,
				84BC417E615EDC50977FB28E /* Frameworks */,
			);
			sourceTree = "<group>";
		};
		D87C38F41F9804EC00CEDD27 /* Products */ = {
			isa = PBXGroup;
			children = (
				D87C38F31F9804EC00CEDD27 /* FormUIKit.app */,
			);
			name = Products;
			sourceTree = "<group>";
		};
		D87C38F51F9804EC00CEDD27 /* FormUIKit */ = {
			isa = PBXGroup;
			children = (
				D8DD1DF11F9805E900C05061 /* Sources */,
				D87C38F61F9804EC00CEDD27 /* AppDelegate.swift */,
				D807241C1F9825F500CE6476 /* ExampleFormTableViewController.swift */,
				D87C38FD1F9804EC00CEDD27 /* Assets.xcassets */,
				D87C38FF1F9804EC00CEDD27 /* LaunchScreen.storyboard */,
				D87C39021F9804EC00CEDD27 /* Info.plist */,
			);
			path = FormUIKit;
			sourceTree = "<group>";
		};
		D8DD1DF11F9805E900C05061 /* Sources */ = {
			isa = PBXGroup;
			children = (
				D8DD1DF71F98061000C05061 /* Form.swift */,
				D8DD1DF81F98061000C05061 /* FormButtonTableViewCell.swift */,
				D8DD1DF91F98061000C05061 /* FormFieldDescribable.swift */,
				D8DD1DF41F98060F00C05061 /* FormFieldType.swift */,
				D82C95781FB968A500F0C3D5 /* FormPickerTableViewCell.swift */,
				D8DD1DFA1F98061000C05061 /* FormSection.swift */,
				D8DD1DF61F98060F00C05061 /* FormTableViewController.swift */,
				D852E1A91FC33199008146F8 /* FormTextAreaTableViewCell.swift */,
				D8DD1DF51F98060F00C05061 /* FormTextTableViewCell.swift */,
				D8B318CF1FBBC17B00A7E837 /* FormValidationType.swift */,
				D8DD1DF21F9805F800C05061 /* KeyboardAppearanceDelegate.swift */,
			);
			path = Sources;
			sourceTree = "<group>";
		};
/* End PBXGroup section */

/* Begin PBXNativeTarget section */
		D87C38F21F9804EC00CEDD27 /* FormUIKit */ = {
			isa = PBXNativeTarget;
			buildConfigurationList = D87C39051F9804EC00CEDD27 /* Build configuration list for PBXNativeTarget "FormUIKit" */;
			buildPhases = (
				3278E43108A0F12A08ED3C73 /* [CP] Check Pods Manifest.lock */,
				D87C38EF1F9804EC00CEDD27 /* Sources */,
				D87C38F01F9804EC00CEDD27 /* Frameworks */,
				D87C38F11F9804EC00CEDD27 /* Resources */,
				CE02475C6C85F97655D9992D /* [CP] Embed Pods Frameworks */,
				D1B36E382B491580480F65CF /* [CP] Copy Pods Resources */,
			);
			buildRules = (
			);
			dependencies = (
			);
			name = FormUIKit;
			productName = FormKit;
			productReference = D87C38F31F9804EC00CEDD27 /* FormUIKit.app */;
			productType = "com.apple.product-type.application";
		};
/* End PBXNativeTarget section */

/* Begin PBXProject section */
		D87C38EB1F9804EC00CEDD27 /* Project object */ = {
			isa = PBXProject;
			attributes = {
				LastSwiftUpdateCheck = 0900;
				LastUpgradeCheck = 0900;
				ORGANIZATIONNAME = Sahand;
				TargetAttributes = {
					D87C38F21F9804EC00CEDD27 = {
						CreatedOnToolsVersion = 9.0;
						ProvisioningStyle = Automatic;
					};
				};
			};
			buildConfigurationList = D87C38EE1F9804EC00CEDD27 /* Build configuration list for PBXProject "FormUIKit" */;
			compatibilityVersion = "Xcode 8.0";
			developmentRegion = en;
			hasScannedForEncodings = 0;
			knownRegions = (
				en,
				Base,
			);
			mainGroup = D87C38EA1F9804EC00CEDD27;
			productRefGroup = D87C38F41F9804EC00CEDD27 /* Products */;
			projectDirPath = "";
			projectRoot = "";
			targets = (
				D87C38F21F9804EC00CEDD27 /* FormUIKit */,
			);
		};
/* End PBXProject section */

/* Begin PBXResourcesBuildPhase section */
		D87C38F11F9804EC00CEDD27 /* Resources */ = {
			isa = PBXResourcesBuildPhase;
			buildActionMask = 2147483647;
			files = (
				D87C39011F9804EC00CEDD27 /* LaunchScreen.storyboard in Resources */,
				D87C38FE1F9804EC00CEDD27 /* Assets.xcassets in Resources */,
			);
			runOnlyForDeploymentPostprocessing = 0;
		};
/* End PBXResourcesBuildPhase section */

/* Begin PBXShellScriptBuildPhase section */
		3278E43108A0F12A08ED3C73 /* [CP] Check Pods Manifest.lock */ = {
			isa = PBXShellScriptBuildPhase;
			buildActionMask = 2147483647;
			files = (
			);
			inputPaths = (
				"${PODS_PODFILE_DIR_PATH}/Podfile.lock",
				"${PODS_ROOT}/Manifest.lock",
			);
			name = "[CP] Check Pods Manifest.lock";
			outputPaths = (
				"$(DERIVED_FILE_DIR)/Pods-FormKit-checkManifestLockResult.txt",
			);
			runOnlyForDeploymentPostprocessing = 0;
			shellPath = /bin/sh;
			shellScript = "diff \"${PODS_PODFILE_DIR_PATH}/Podfile.lock\" \"${PODS_ROOT}/Manifest.lock\" > /dev/null\nif [ $? != 0 ] ; then\n    # print error to STDERR\n    echo \"error: The sandbox is not in sync with the Podfile.lock. Run 'pod install' or update your CocoaPods installation.\" >&2\n    exit 1\nfi\n# This output is used by Xcode 'outputs' to avoid re-running this script phase.\necho \"SUCCESS\" > \"${SCRIPT_OUTPUT_FILE_0}\"\n";
			showEnvVarsInLog = 0;
		};
		CE02475C6C85F97655D9992D /* [CP] Embed Pods Frameworks */ = {
			isa = PBXShellScriptBuildPhase;
			buildActionMask = 2147483647;
			files = (
			);
			inputPaths = (
				"${SRCROOT}/Pods/Target Support Files/Pods-FormKit/Pods-FormKit-frameworks.sh",
				"${BUILT_PRODUCTS_DIR}/SnapKit/SnapKit.framework",
			);
			name = "[CP] Embed Pods Frameworks";
			outputPaths = (
				"${TARGET_BUILD_DIR}/${FRAMEWORKS_FOLDER_PATH}/SnapKit.framework",
			);
			runOnlyForDeploymentPostprocessing = 0;
			shellPath = /bin/sh;
			shellScript = "\"${SRCROOT}/Pods/Target Support Files/Pods-FormKit/Pods-FormKit-frameworks.sh\"\n";
			showEnvVarsInLog = 0;
		};
		D1B36E382B491580480F65CF /* [CP] Copy Pods Resources */ = {
			isa = PBXShellScriptBuildPhase;
			buildActionMask = 2147483647;
			files = (
			);
			inputPaths = (
			);
			name = "[CP] Copy Pods Resources";
			outputPaths = (
			);
			runOnlyForDeploymentPostprocessing = 0;
			shellPath = /bin/sh;
			shellScript = "\"${SRCROOT}/Pods/Target Support Files/Pods-FormKit/Pods-FormKit-resources.sh\"\n";
			showEnvVarsInLog = 0;
		};
/* End PBXShellScriptBuildPhase section */

/* Begin PBXSourcesBuildPhase section */
		D87C38EF1F9804EC00CEDD27 /* Sources */ = {
			isa = PBXSourcesBuildPhase;
			buildActionMask = 2147483647;
			files = (
				D852E1AA1FC33199008146F8 /* FormTextAreaTableViewCell.swift in Sources */,
				D8DD1DFB1F98061000C05061 /* FormFieldType.swift in Sources */,
				D82C95791FB968A500F0C3D5 /* FormPickerTableViewCell.swift in Sources */,
				D8DD1E011F98061000C05061 /* FormSection.swift in Sources */,
				D8DD1DFD1F98061000C05061 /* FormTableViewController.swift in Sources */,
				D8DD1DFF1F98061000C05061 /* FormButtonTableViewCell.swift in Sources */,
				D8DD1DF31F9805F800C05061 /* KeyboardAppearanceDelegate.swift in Sources */,
				D807241D1F9825F500CE6476 /* ExampleFormTableViewController.swift in Sources */,
				D8DD1E001F98061000C05061 /* FormFieldDescribable.swift in Sources */,
				D8B318D01FBBC17B00A7E837 /* FormValidationType.swift in Sources */,
				D87C38F71F9804EC00CEDD27 /* AppDelegate.swift in Sources */,
				D8DD1DFE1F98061000C05061 /* Form.swift in Sources */,
				D8DD1DFC1F98061000C05061 /* FormTextTableViewCell.swift in Sources */,
			);
			runOnlyForDeploymentPostprocessing = 0;
		};
/* End PBXSourcesBuildPhase section */

/* Begin PBXVariantGroup section */
		D87C38FF1F9804EC00CEDD27 /* LaunchScreen.storyboard */ = {
			isa = PBXVariantGroup;
			children = (
				D87C39001F9804EC00CEDD27 /* Base */,
			);
			name = LaunchScreen.storyboard;
			sourceTree = "<group>";
		};
/* End PBXVariantGroup section */

/* Begin XCBuildConfiguration section */
		D87C39031F9804EC00CEDD27 /* Debug */ = {
			isa = XCBuildConfiguration;
			buildSettings = {
				ALWAYS_SEARCH_USER_PATHS = NO;
				CLANG_ANALYZER_NONNULL = YES;
				CLANG_ANALYZER_NUMBER_OBJECT_CONVERSION = YES_AGGRESSIVE;
				CLANG_CXX_LANGUAGE_STANDARD = "gnu++14";
				CLANG_CXX_LIBRARY = "libc++";
				CLANG_ENABLE_MODULES = YES;
				CLANG_ENABLE_OBJC_ARC = YES;
				CLANG_WARN_BLOCK_CAPTURE_AUTORELEASING = YES;
				CLANG_WARN_BOOL_CONVERSION = YES;
				CLANG_WARN_COMMA = YES;
				CLANG_WARN_CONSTANT_CONVERSION = YES;
				CLANG_WARN_DIRECT_OBJC_ISA_USAGE = YES_ERROR;
				CLANG_WARN_DOCUMENTATION_COMMENTS = YES;
				CLANG_WARN_EMPTY_BODY = YES;
				CLANG_WARN_ENUM_CONVERSION = YES;
				CLANG_WARN_INFINITE_RECURSION = YES;
				CLANG_WARN_INT_CONVERSION = YES;
				CLANG_WARN_NON_LITERAL_NULL_CONVERSION = YES;
				CLANG_WARN_OBJC_LITERAL_CONVERSION = YES;
				CLANG_WARN_OBJC_ROOT_CLASS = YES_ERROR;
				CLANG_WARN_RANGE_LOOP_ANALYSIS = YES;
				CLANG_WARN_STRICT_PROTOTYPES = YES;
				CLANG_WARN_SUSPICIOUS_MOVE = YES;
				CLANG_WARN_UNGUARDED_AVAILABILITY = YES_AGGRESSIVE;
				CLANG_WARN_UNREACHABLE_CODE = YES;
				CLANG_WARN__DUPLICATE_METHOD_MATCH = YES;
				CODE_SIGN_IDENTITY = "iPhone Developer";
				COPY_PHASE_STRIP = NO;
				DEBUG_INFORMATION_FORMAT = dwarf;
				ENABLE_STRICT_OBJC_MSGSEND = YES;
				ENABLE_TESTABILITY = YES;
				GCC_C_LANGUAGE_STANDARD = gnu11;
				GCC_DYNAMIC_NO_PIC = NO;
				GCC_NO_COMMON_BLOCKS = YES;
				GCC_OPTIMIZATION_LEVEL = 0;
				GCC_PREPROCESSOR_DEFINITIONS = (
					"DEBUG=1",
					"$(inherited)",
				);
				GCC_WARN_64_TO_32_BIT_CONVERSION = YES;
				GCC_WARN_ABOUT_RETURN_TYPE = YES_ERROR;
				GCC_WARN_UNDECLARED_SELECTOR = YES;
				GCC_WARN_UNINITIALIZED_AUTOS = YES_AGGRESSIVE;
				GCC_WARN_UNUSED_FUNCTION = YES;
				GCC_WARN_UNUSED_VARIABLE = YES;
				IPHONEOS_DEPLOYMENT_TARGET = 11.0;
				MTL_ENABLE_DEBUG_INFO = YES;
				ONLY_ACTIVE_ARCH = YES;
				SDKROOT = iphoneos;
				SWIFT_ACTIVE_COMPILATION_CONDITIONS = DEBUG;
				SWIFT_OPTIMIZATION_LEVEL = "-Onone";
			};
			name = Debug;
		};
		D87C39041F9804EC00CEDD27 /* Release */ = {
			isa = XCBuildConfiguration;
			buildSettings = {
				ALWAYS_SEARCH_USER_PATHS = NO;
				CLANG_ANALYZER_NONNULL = YES;
				CLANG_ANALYZER_NUMBER_OBJECT_CONVERSION = YES_AGGRESSIVE;
				CLANG_CXX_LANGUAGE_STANDARD = "gnu++14";
				CLANG_CXX_LIBRARY = "libc++";
				CLANG_ENABLE_MODULES = YES;
				CLANG_ENABLE_OBJC_ARC = YES;
				CLANG_WARN_BLOCK_CAPTURE_AUTORELEASING = YES;
				CLANG_WARN_BOOL_CONVERSION = YES;
				CLANG_WARN_COMMA = YES;
				CLANG_WARN_CONSTANT_CONVERSION = YES;
				CLANG_WARN_DIRECT_OBJC_ISA_USAGE = YES_ERROR;
				CLANG_WARN_DOCUMENTATION_COMMENTS = YES;
				CLANG_WARN_EMPTY_BODY = YES;
				CLANG_WARN_ENUM_CONVERSION = YES;
				CLANG_WARN_INFINITE_RECURSION = YES;
				CLANG_WARN_INT_CONVERSION = YES;
				CLANG_WARN_NON_LITERAL_NULL_CONVERSION = YES;
				CLANG_WARN_OBJC_LITERAL_CONVERSION = YES;
				CLANG_WARN_OBJC_ROOT_CLASS = YES_ERROR;
				CLANG_WARN_RANGE_LOOP_ANALYSIS = YES;
				CLANG_WARN_STRICT_PROTOTYPES = YES;
				CLANG_WARN_SUSPICIOUS_MOVE = YES;
				CLANG_WARN_UNGUARDED_AVAILABILITY = YES_AGGRESSIVE;
				CLANG_WARN_UNREACHABLE_CODE = YES;
				CLANG_WARN__DUPLICATE_METHOD_MATCH = YES;
				CODE_SIGN_IDENTITY = "iPhone Developer";
				COPY_PHASE_STRIP = NO;
				DEBUG_INFORMATION_FORMAT = "dwarf-with-dsym";
				ENABLE_NS_ASSERTIONS = NO;
				ENABLE_STRICT_OBJC_MSGSEND = YES;
				GCC_C_LANGUAGE_STANDARD = gnu11;
				GCC_NO_COMMON_BLOCKS = YES;
				GCC_WARN_64_TO_32_BIT_CONVERSION = YES;
				GCC_WARN_ABOUT_RETURN_TYPE = YES_ERROR;
				GCC_WARN_UNDECLARED_SELECTOR = YES;
				GCC_WARN_UNINITIALIZED_AUTOS = YES_AGGRESSIVE;
				GCC_WARN_UNUSED_FUNCTION = YES;
				GCC_WARN_UNUSED_VARIABLE = YES;
				IPHONEOS_DEPLOYMENT_TARGET = 11.0;
				MTL_ENABLE_DEBUG_INFO = NO;
				SDKROOT = iphoneos;
				SWIFT_OPTIMIZATION_LEVEL = "-Owholemodule";
				VALIDATE_PRODUCT = YES;
			};
			name = Release;
		};
		D87C39061F9804EC00CEDD27 /* Debug */ = {
			isa = XCBuildConfiguration;
			baseConfigurationReference = BABACAEB1120C51B83561876 /* Pods-FormKit.debug.xcconfig */;
			buildSettings = {
				ASSETCATALOG_COMPILER_APPICON_NAME = AppIcon;
				CODE_SIGN_STYLE = Automatic;
				DEVELOPMENT_TEAM = 3WQTW95Z2J;
				INFOPLIST_FILE = "$(SRCROOT)/FormUIKit/Info.plist";
				IPHONEOS_DEPLOYMENT_TARGET = 10.0;
				LD_RUNPATH_SEARCH_PATHS = "$(inherited) @executable_path/Frameworks";
				PRODUCT_BUNDLE_IDENTIFIER = me.sahand.FormUIKit;
				PRODUCT_NAME = "$(TARGET_NAME)";
				SWIFT_VERSION = 4.0;
				TARGETED_DEVICE_FAMILY = "1,2";
			};
			name = Debug;
		};
		D87C39071F9804EC00CEDD27 /* Release */ = {
			isa = XCBuildConfiguration;
			baseConfigurationReference = 45C60DF016A4A54BFB2F7378 /* Pods-FormKit.release.xcconfig */;
			buildSettings = {
				ASSETCATALOG_COMPILER_APPICON_NAME = AppIcon;
				CODE_SIGN_STYLE = Automatic;
				DEVELOPMENT_TEAM = 3WQTW95Z2J;
				INFOPLIST_FILE = "$(SRCROOT)/FormUIKit/Info.plist";
				IPHONEOS_DEPLOYMENT_TARGET = 10.0;
				LD_RUNPATH_SEARCH_PATHS = "$(inherited) @executable_path/Frameworks";
				PRODUCT_BUNDLE_IDENTIFIER = me.sahand.FormUIKit;
				PRODUCT_NAME = "$(TARGET_NAME)";
				SWIFT_VERSION = 4.0;
				TARGETED_DEVICE_FAMILY = "1,2";
			};
			name = Release;
		};
/* End XCBuildConfiguration section */

/* Begin XCConfigurationList section */
		D87C38EE1F9804EC00CEDD27 /* Build configuration list for PBXProject "FormUIKit" */ = {
			isa = XCConfigurationList;
			buildConfigurations = (
				D87C39031F9804EC00CEDD27 /* Debug */,
				D87C39041F9804EC00CEDD27 /* Release */,
			);
			defaultConfigurationIsVisible = 0;
			defaultConfigurationName = Release;
		};
		D87C39051F9804EC00CEDD27 /* Build configuration list for PBXNativeTarget "FormUIKit" */ = {
			isa = XCConfigurationList;
			buildConfigurations = (
				D87C39061F9804EC00CEDD27 /* Debug */,
				D87C39071F9804EC00CEDD27 /* Release */,
			);
			defaultConfigurationIsVisible = 0;
			defaultConfigurationName = Release;
		};
/* End XCConfigurationList section */
	};
	rootObject = D87C38EB1F9804EC00CEDD27 /* Project object */;
}
